<?xml version="1.0" encoding="utf-8"?>
<Project ToolsVersion="4.0" xmlns="http://schemas.microsoft.com/developer/msbuild/2003">
  <ItemGroup>
    <ClCompile Include="Main.cpp" />
    <ClCompile Include="MainGame.cpp" />
    <ClCompile Include="stdafx.cpp" />
    <ClCompile Include="Materials\ColorMaterial.cpp" />
    <ClCompile Include="Prefabs\SpherePrefab.cpp" />
    <ClCompile Include="Prefabs\TorusPrefab.cpp" />
    <ClCompile Include="Prefabs\CubePrefab.cpp" />
    <ClCompile Include="Scenes\WorldScene.cpp" />
    <ClCompile Include="Components\WorldComponent.cpp" />
    <ClCompile Include="Misc\World\WorldGenerator.cpp" />
    <ClCompile Include="Misc\World\WorldRenderer.cpp" />
    <ClCompile Include="Utils\Perlin.cpp" />
    <ClCompile Include="Misc\World\TileAtlas.cpp" />
    <ClCompile Include="Components\PlayerMovement.cpp" />
    <ClCompile Include="Components\WireframeRenderer.cpp" />
    <ClCompile Include="Components\BlockInteractionComponent.cpp" />
  </ItemGroup>
  <ItemGroup>
    <ClInclude Include="MainGame.h" />
    <ClInclude Include="stdafx.h" />
    <ClInclude Include="Materials\ColorMaterial.h" />
    <ClInclude Include="Prefabs\SpherePrefab.h" />
    <ClInclude Include="Prefabs\TorusPrefab.h" />
    <ClInclude Include="Prefabs\CubePrefab.h" />
    <ClInclude Include="Scenes\WorldScene.h" />
    <ClInclude Include="Components\WorldComponent.h" />
    <ClInclude Include="Misc\World\WorldGenerator.h" />
    <ClInclude Include="Misc\World\WorldRenderer.h" />
    <ClInclude Include="Utils\Perlin.h" />
    <ClInclude Include="Misc\World\WorldData.h" />
    <ClInclude Include="Misc\World\TileAtlas.h" />
    <ClInclude Include="Components\PlayerMovement.h" />
    <ClInclude Include="Components\WireframeRenderer.h" />
    <ClInclude Include="Components\BlockInteractionComponent.h" />
    <ClInclude Include="Misc\World\Chunk.h" />
    <ClInclude Include="Misc\World\Water.h" />
  </ItemGroup>
</Project>