<?xml version="1.0" encoding="utf-8"?>
<Project ToolsVersion="4.0" xmlns="http://schemas.microsoft.com/developer/msbuild/2003">
  <ItemGroup>
    <ClCompile Include="Main.cpp" />
    <ClCompile Include="MainGame.cpp" />
    <ClCompile Include="stdafx.cpp" />
    <ClCompile Include="Materials\ColorMaterial.cpp" />
    <ClCompile Include="Prefabs\SpherePrefab.cpp" />
    <ClCompile Include="Prefabs\TorusPrefab.cpp" />
    <ClCompile Include="Prefabs\CubePrefab.cpp" />
    <ClCompile Include="Scenes\WorldScene.cpp" />
    <ClCompile Include="Components\WorldComponent.cpp" />
    <ClCompile Include="Misc\World\WorldGenerator.cpp" />
    <ClCompile Include="Misc\World\WorldRenderer.cpp" />
    <ClCompile Include="Utils\Perlin.cpp" />
    <ClCompile Include="Misc\World\TileAtlas.cpp" />
    <ClCompile Include="Components\PlayerMovement.cpp" />
    <ClCompile Include="Components\Rendering\WireframeRenderer.cpp" />
    <ClCompile Include="Components\BlockInteractionComponent.cpp" />
    <ClCompile Include="Components\Rendering\BlockBreakRenderer.cpp" />
    <ClCompile Include="Prefabs\ItemEntity.cpp" />
    <ClCompile Include="Components\Rendering\BlockRenderer.cpp" />
    <ClCompile Include="Components\ItemFloatComponent.cpp" />
    <ClCompile Include="Misc\FileReaders\JsonReader.cpp" />
    <ClCompile Include="Managers\BlockManager.cpp" />
    <ClCompile Include="Misc\FileReaders\ObjReader.cpp" />
    <ClCompile Include="Components\ItemPickup.cpp" />
    <ClCompile Include="Components\Inventory.cpp" />
    <ClCompile Include="Components\ToolbarHUD.cpp" />
    <ClCompile Include="Components\ItemCounter.cpp" />
    <ClCompile Include="Scenes\MainMenuScene.cpp" />
    <ClCompile Include="Components\Health.cpp" />
    <ClCompile Include="Components\HealthHUD.cpp" />
    <ClCompile Include="Materials\Shadow\DiffuseMaterial_Shadow.cpp" />
    <ClCompile Include="Materials\Shadow\DiffuseMaterial_Shadow_Skinned.cpp" />
    <ClCompile Include="Components\LivingEntities\LivingEntity.cpp" />
    <ClCompile Include="Components\LivingEntities\Sheep.cpp" />
  </ItemGroup>
  <ItemGroup>
    <ClInclude Include="MainGame.h" />
    <ClInclude Include="stdafx.h" />
    <ClInclude Include="Materials\ColorMaterial.h" />
    <ClInclude Include="Prefabs\SpherePrefab.h" />
    <ClInclude Include="Prefabs\TorusPrefab.h" />
    <ClInclude Include="Prefabs\CubePrefab.h" />
    <ClInclude Include="Scenes\WorldScene.h" />
    <ClInclude Include="Components\WorldComponent.h" />
    <ClInclude Include="Misc\World\WorldGenerator.h" />
    <ClInclude Include="Misc\World\WorldRenderer.h" />
    <ClInclude Include="Utils\Perlin.h" />
    <ClInclude Include="Misc\World\WorldData.h" />
    <ClInclude Include="Misc\World\TileAtlas.h" />
    <ClInclude Include="Components\PlayerMovement.h" />
    <ClInclude Include="Components\Rendering\WireframeRenderer.h" />
    <ClInclude Include="Components\BlockInteractionComponent.h" />
    <ClInclude Include="Misc\World\Chunk.h" />
    <ClInclude Include="Components\Rendering\BlockBreakRenderer.h" />
    <ClInclude Include="Prefabs\ItemEntity.h" />
    <ClInclude Include="Components\Rendering\BlockRenderer.h" />
    <ClInclude Include="Components\ItemFloatComponent.h" />
    <ClInclude Include="Misc\FileReaders\JsonReader.h" />
    <ClInclude Include="Managers\BlockManager.h" />
    <ClInclude Include="Misc\FileReaders\ObjReader.h" />
    <ClInclude Include="Components\ItemPickup.h" />
    <ClInclude Include="Components\Inventory.h" />
    <ClInclude Include="Components\ToolbarHUD.h" />
    <ClInclude Include="Components\ItemCounter.h" />
    <ClInclude Include="Scenes\MainMenuScene.h" />
    <ClInclude Include="Components\Health.h" />
    <ClInclude Include="Components\HealthHUD.h" />
    <ClInclude Include="Materials\Shadow\DiffuseMaterial_Shadow.h" />
    <ClInclude Include="Materials\Shadow\DiffuseMaterial_Shadow_Skinned.h" />
    <ClInclude Include="Components\LivingEntities\LivingEntity.h" />
    <ClInclude Include="Components\LivingEntities\Sheep.h" />
  </ItemGroup>
</Project>